// !$*UTF8*$!
{
	archiveVersion = 1;
	classes = {
	};
	objectVersion = 50;
	objects = {

/* Begin PBXBuildFile section */
		57B5C7035FD68D0E7498586F /* Pods_GigaCmt.framework in Frameworks */ = {isa = PBXBuildFile; fileRef = 6C653A030AD64F228C16FE9E /* Pods_GigaCmt.framework */; };
		BF821A04494D3E24A5DD583A /* Pods_GigaCmtUITests.framework in Frameworks */ = {isa = PBXBuildFile; fileRef = B7A9B1F4F54AA5F93C07D0D0 /* Pods_GigaCmtUITests.framework */; };
		CE611E8EC2D49AC200EFBE73 /* Pods_GigaCmtTests.framework in Frameworks */ = {isa = PBXBuildFile; fileRef = F06BB438EE0309CF3BC75474 /* Pods_GigaCmtTests.framework */; };
		D54D3CA221426B86001F6FD6 /* AppDelegate.swift in Sources */ = {isa = PBXBuildFile; fileRef = D54D3CA121426B86001F6FD6 /* AppDelegate.swift */; };
		D54D3CA721426B86001F6FD6 /* Main.storyboard in Resources */ = {isa = PBXBuildFile; fileRef = D54D3CA521426B86001F6FD6 /* Main.storyboard */; };
		D54D3CA921426B87001F6FD6 /* Assets.xcassets in Resources */ = {isa = PBXBuildFile; fileRef = D54D3CA821426B87001F6FD6 /* Assets.xcassets */; };
		D54D3CAC21426B87001F6FD6 /* LaunchScreen.storyboard in Resources */ = {isa = PBXBuildFile; fileRef = D54D3CAA21426B87001F6FD6 /* LaunchScreen.storyboard */; };
		D54D3CB721426B88001F6FD6 /* GigaCmtTests.swift in Sources */ = {isa = PBXBuildFile; fileRef = D54D3CB621426B88001F6FD6 /* GigaCmtTests.swift */; };
		D54D3CC221426B88001F6FD6 /* GigaCmtUITests.swift in Sources */ = {isa = PBXBuildFile; fileRef = D54D3CC121426B88001F6FD6 /* GigaCmtUITests.swift */; };
		D54D3CD121426E86001F6FD6 /* CMTabBarController.swift in Sources */ = {isa = PBXBuildFile; fileRef = D54D3CD021426E86001F6FD6 /* CMTabBarController.swift */; };
		D54D3CD321427264001F6FD6 /* BaseController.swift in Sources */ = {isa = PBXBuildFile; fileRef = D54D3CD221427264001F6FD6 /* BaseController.swift */; };
		D54D3CD5214272CF001F6FD6 /* CMCommunityController.swift in Sources */ = {isa = PBXBuildFile; fileRef = D54D3CD4214272CF001F6FD6 /* CMCommunityController.swift */; };
		D54D3CD721427316001F6FD6 /* CMForumController.swift in Sources */ = {isa = PBXBuildFile; fileRef = D54D3CD621427316001F6FD6 /* CMForumController.swift */; };
		D54D3CD921427352001F6FD6 /* CMReferRoomController.swift in Sources */ = {isa = PBXBuildFile; fileRef = D54D3CD821427352001F6FD6 /* CMReferRoomController.swift */; };
		D54D3CDB2142736D001F6FD6 /* CMDatabaseController.swift in Sources */ = {isa = PBXBuildFile; fileRef = D54D3CDA2142736D001F6FD6 /* CMDatabaseController.swift */; };
		D54D3CDD21427383001F6FD6 /* CMMyPageController.swift in Sources */ = {isa = PBXBuildFile; fileRef = D54D3CDC21427383001F6FD6 /* CMMyPageController.swift */; };
		D54D3CE021427A2C001F6FD6 /* CMLoginController.swift in Sources */ = {isa = PBXBuildFile; fileRef = D54D3CDF21427A2C001F6FD6 /* CMLoginController.swift */; };
		D54D3CE22143617B001F6FD6 /* CMAccount.swift in Sources */ = {isa = PBXBuildFile; fileRef = D54D3CE12143617B001F6FD6 /* CMAccount.swift */; };
		D54D3CE521437114001F6FD6 /* MoyaTargetType.swift in Sources */ = {isa = PBXBuildFile; fileRef = D54D3CE421437114001F6FD6 /* MoyaTargetType.swift */; };
		D54D3CE72143ADFD001F6FD6 /* Constant.swift in Sources */ = {isa = PBXBuildFile; fileRef = D54D3CE62143ADFD001F6FD6 /* Constant.swift */; };
		D54D3CF02143C147001F6FD6 /* CMToolExtension.swift in Sources */ = {isa = PBXBuildFile; fileRef = D54D3CEF2143C147001F6FD6 /* CMToolExtension.swift */; };
		D54D3CF22143C1BD001F6FD6 /* ToModelExtensions.swift in Sources */ = {isa = PBXBuildFile; fileRef = D54D3CF12143C1BD001F6FD6 /* ToModelExtensions.swift */; };
		D5637F11216AEFF60003C79A /* CMForumMainColCell.swift in Sources */ = {isa = PBXBuildFile; fileRef = D5637F10216AEFF60003C79A /* CMForumMainColCell.swift */; };
		D5637F13216B25DE0003C79A /* CMForumTableCell.swift in Sources */ = {isa = PBXBuildFile; fileRef = D5637F12216B25DE0003C79A /* CMForumTableCell.swift */; };
		D5637F15216B42AF0003C79A /* CMForumDetailedController.swift in Sources */ = {isa = PBXBuildFile; fileRef = D5637F14216B42AF0003C79A /* CMForumDetailedController.swift */; };
		D5637F17216B484F0003C79A /* CMForumCommentTableViewCell.swift in Sources */ = {isa = PBXBuildFile; fileRef = D5637F16216B484F0003C79A /* CMForumCommentTableViewCell.swift */; };
		D5A1826721894E2C000E3AEE /* MoyaRequest.swift in Sources */ = {isa = PBXBuildFile; fileRef = D5A1826621894E2C000E3AEE /* MoyaRequest.swift */; };
		D5B2CA532165F8A800B49CE9 /* CMMypageInputView.swift in Sources */ = {isa = PBXBuildFile; fileRef = D5B2CA522165F8A800B49CE9 /* CMMypageInputView.swift */; };
		D5B2CA552166F39B00B49CE9 /* CMMypageCommentRestViewCell.swift in Sources */ = {isa = PBXBuildFile; fileRef = D5B2CA542166F39B00B49CE9 /* CMMypageCommentRestViewCell.swift */; };
		D5C9CEB62146170B0028D40E /* CMTopSegView.swift in Sources */ = {isa = PBXBuildFile; fileRef = D5C9CEB52146170B0028D40E /* CMTopSegView.swift */; };
		D5C9CEB821465DDF0028D40E /* CMJmTableView.swift in Sources */ = {isa = PBXBuildFile; fileRef = D5C9CEB721465DDF0028D40E /* CMJmTableView.swift */; };
		D5C9CEBA21465DFC0028D40E /* CMPerTableView.swift in Sources */ = {isa = PBXBuildFile; fileRef = D5C9CEB921465DFC0028D40E /* CMPerTableView.swift */; };
		D5C9CEBD21466E4E0028D40E /* CMmunityStarViewCell.swift in Sources */ = {isa = PBXBuildFile; fileRef = D5C9CEBC21466E4E0028D40E /* CMmunityStarViewCell.swift */; };
		D5C9CEBF21474D1A0028D40E /* CMmunityStarColCell.swift in Sources */ = {isa = PBXBuildFile; fileRef = D5C9CEBE21474D1A0028D40E /* CMmunityStarColCell.swift */; };
		D5C9CEC121475BA40028D40E /* CMmunityMonViewCell.swift in Sources */ = {isa = PBXBuildFile; fileRef = D5C9CEC021475BA40028D40E /* CMmunityMonViewCell.swift */; };
		D5C9CEC321475C6B0028D40E /* CMmunityMonColCell.swift in Sources */ = {isa = PBXBuildFile; fileRef = D5C9CEC221475C6B0028D40E /* CMmunityMonColCell.swift */; };
		D5C9CEC521475F060028D40E /* CMmunityMonSecViewCell.swift in Sources */ = {isa = PBXBuildFile; fileRef = D5C9CEC421475F060028D40E /* CMmunityMonSecViewCell.swift */; };
		D5C9CEC72147929F0028D40E /* CMmunityMonStarViewCell.swift in Sources */ = {isa = PBXBuildFile; fileRef = D5C9CEC62147929F0028D40E /* CMmunityMonStarViewCell.swift */; };
		D5C9CECA21479F820028D40E /* CMReferRoomMainTable.swift in Sources */ = {isa = PBXBuildFile; fileRef = D5C9CEC921479F820028D40E /* CMReferRoomMainTable.swift */; };
		D5C9CECC2147A2960028D40E /* CMReferRoomHeadSectionView.swift in Sources */ = {isa = PBXBuildFile; fileRef = D5C9CECB2147A2960028D40E /* CMReferRoomHeadSectionView.swift */; };
		D5C9CECE2147C6730028D40E /* CMReferRoomFileTableCell.swift in Sources */ = {isa = PBXBuildFile; fileRef = D5C9CECD2147C6730028D40E /* CMReferRoomFileTableCell.swift */; };
		D5C9CED02148A1520028D40E /* CMReferRoomUploadView.swift in Sources */ = {isa = PBXBuildFile; fileRef = D5C9CECF2148A1520028D40E /* CMReferRoomUploadView.swift */; };
		D5C9CED22148B6320028D40E /* CMReferRoomNewFileView.swift in Sources */ = {isa = PBXBuildFile; fileRef = D5C9CED12148B6320028D40E /* CMReferRoomNewFileView.swift */; };
		D5C9CEF52149F7D20028D40E /* InfoPlist.strings in Resources */ = {isa = PBXBuildFile; fileRef = D5C9CEF72149F7D20028D40E /* InfoPlist.strings */; };
		D5C9CEFC2149FDE20028D40E /* Localizable.strings in Resources */ = {isa = PBXBuildFile; fileRef = D5C9CEFE2149FDE20028D40E /* Localizable.strings */; };
		D5C9CF03214B4DE10028D40E /* CMBasedataSegHeadView.swift in Sources */ = {isa = PBXBuildFile; fileRef = D5C9CF02214B4DE10028D40E /* CMBasedataSegHeadView.swift */; };
		D5C9CF05214B5C560028D40E /* CMBasedataCollectView.swift in Sources */ = {isa = PBXBuildFile; fileRef = D5C9CF04214B5C560028D40E /* CMBasedataCollectView.swift */; };
		D5C9CF08214CAA970028D40E /* CMMypageMainTable.swift in Sources */ = {isa = PBXBuildFile; fileRef = D5C9CF07214CAA970028D40E /* CMMypageMainTable.swift */; };
		D5C9CF0A214CDB570028D40E /* CMMypageMainTableCell.swift in Sources */ = {isa = PBXBuildFile; fileRef = D5C9CF09214CDB570028D40E /* CMMypageMainTableCell.swift */; };
		D5C9CF0C214CE5290028D40E /* CMMypageReleaseButtomColCell.swift in Sources */ = {isa = PBXBuildFile; fileRef = D5C9CF0B214CE5290028D40E /* CMMypageReleaseButtomColCell.swift */; };
		D5C9CF0E214CF8E40028D40E /* CMPersonalSettingController.swift in Sources */ = {isa = PBXBuildFile; fileRef = D5C9CF0D214CF8E40028D40E /* CMPersonalSettingController.swift */; };
		D5C9CF10214F35D80028D40E /* CMMypageReleaseController.swift in Sources */ = {isa = PBXBuildFile; fileRef = D5C9CF0F214F35D80028D40E /* CMMypageReleaseController.swift */; };
		D5C9CF16214F81A50028D40E /* CMMypageReleaseTableViewCell.swift in Sources */ = {isa = PBXBuildFile; fileRef = D5C9CF15214F81A40028D40E /* CMMypageReleaseTableViewCell.swift */; };
		D5C9CF18214F98730028D40E /* CMMypageRestButtomColCell.swift in Sources */ = {isa = PBXBuildFile; fileRef = D5C9CF17214F98730028D40E /* CMMypageRestButtomColCell.swift */; };
		D5C9CF1A214F98B80028D40E /* CMMypageAddressListButtomColCell.swift in Sources */ = {isa = PBXBuildFile; fileRef = D5C9CF19214F98B80028D40E /* CMMypageAddressListButtomColCell.swift */; };
		D5C9CF1C214F98DB0028D40E /* CMMypageFindFriendButtomColCell.swift in Sources */ = {isa = PBXBuildFile; fileRef = D5C9CF1B214F98DB0028D40E /* CMMypageFindFriendButtomColCell.swift */; };
		D5C9CF1E214FA1900028D40E /* CMMypageFindFriendSearchView.swift in Sources */ = {isa = PBXBuildFile; fileRef = D5C9CF1D214FA1900028D40E /* CMMypageFindFriendSearchView.swift */; };
		D5C9CF20215090C10028D40E /* CMMypageAddListButtomSectionView.swift in Sources */ = {isa = PBXBuildFile; fileRef = D5C9CF1F215090C10028D40E /* CMMypageAddListButtomSectionView.swift */; };
		D5C9CF2221509EFB0028D40E /* CMMypageAddListButtomSectionTableCell.swift in Sources */ = {isa = PBXBuildFile; fileRef = D5C9CF2121509EFB0028D40E /* CMMypageAddListButtomSectionTableCell.swift */; };
		D5C9CF242150DAB20028D40E /* CMMypageOtherReleaseController.swift in Sources */ = {isa = PBXBuildFile; fileRef = D5C9CF232150DAB20028D40E /* CMMypageOtherReleaseController.swift */; };
		D5C9CF262150DF470028D40E /* CMMypageOtherMainTable.swift in Sources */ = {isa = PBXBuildFile; fileRef = D5C9CF252150DF470028D40E /* CMMypageOtherMainTable.swift */; };
		D5C9CF282150E09B0028D40E /* CMMypageOtherMainTableCell.swift in Sources */ = {isa = PBXBuildFile; fileRef = D5C9CF272150E09B0028D40E /* CMMypageOtherMainTableCell.swift */; };
		D5C9CF2A2151F7790028D40E /* CMFindPwdController.swift in Sources */ = {isa = PBXBuildFile; fileRef = D5C9CF292151F7790028D40E /* CMFindPwdController.swift */; };
		D5C9CF2C215239530028D40E /* CMResetPwdController.swift in Sources */ = {isa = PBXBuildFile; fileRef = D5C9CF2B215239530028D40E /* CMResetPwdController.swift */; };
/* End PBXBuildFile section */

/* Begin PBXContainerItemProxy section */
		D54D3CB321426B88001F6FD6 /* PBXContainerItemProxy */ = {
			isa = PBXContainerItemProxy;
			containerPortal = D54D3C9621426B86001F6FD6 /* Project object */;
			proxyType = 1;
			remoteGlobalIDString = D54D3C9D21426B86001F6FD6;
			remoteInfo = GigaCmt;
		};
		D54D3CBE21426B88001F6FD6 /* PBXContainerItemProxy */ = {
			isa = PBXContainerItemProxy;
			containerPortal = D54D3C9621426B86001F6FD6 /* Project object */;
			proxyType = 1;
			remoteGlobalIDString = D54D3C9D21426B86001F6FD6;
			remoteInfo = GigaCmt;
		};
/* End PBXContainerItemProxy section */

/* Begin PBXFileReference section */
		14742BA08C34B5E81BCFFA52 /* Pods-GigaCmtTests.debug.xcconfig */ = {isa = PBXFileReference; includeInIndex = 1; lastKnownFileType = text.xcconfig; name = "Pods-GigaCmtTests.debug.xcconfig"; path = "Pods/Target Support Files/Pods-GigaCmtTests/Pods-GigaCmtTests.debug.xcconfig"; sourceTree = "<group>"; };
		2E10218EB6660CCA184AB35A /* Pods-GigaCmtUITests.debug.xcconfig */ = {isa = PBXFileReference; includeInIndex = 1; lastKnownFileType = text.xcconfig; name = "Pods-GigaCmtUITests.debug.xcconfig"; path = "Pods/Target Support Files/Pods-GigaCmtUITests/Pods-GigaCmtUITests.debug.xcconfig"; sourceTree = "<group>"; };
		3130D239934CC7E053398132 /* Pods-GigaCmt.debug.xcconfig */ = {isa = PBXFileReference; includeInIndex = 1; lastKnownFileType = text.xcconfig; name = "Pods-GigaCmt.debug.xcconfig"; path = "Pods/Target Support Files/Pods-GigaCmt/Pods-GigaCmt.debug.xcconfig"; sourceTree = "<group>"; };
		4BB3810CF9C596B034F3F890 /* Pods-GigaCmtTests.release.xcconfig */ = {isa = PBXFileReference; includeInIndex = 1; lastKnownFileType = text.xcconfig; name = "Pods-GigaCmtTests.release.xcconfig"; path = "Pods/Target Support Files/Pods-GigaCmtTests/Pods-GigaCmtTests.release.xcconfig"; sourceTree = "<group>"; };
		6C653A030AD64F228C16FE9E /* Pods_GigaCmt.framework */ = {isa = PBXFileReference; explicitFileType = wrapper.framework; includeInIndex = 0; path = Pods_GigaCmt.framework; sourceTree = BUILT_PRODUCTS_DIR; };
		B7A9B1F4F54AA5F93C07D0D0 /* Pods_GigaCmtUITests.framework */ = {isa = PBXFileReference; explicitFileType = wrapper.framework; includeInIndex = 0; path = Pods_GigaCmtUITests.framework; sourceTree = BUILT_PRODUCTS_DIR; };
		BC20755469AC480AE2AFD261 /* Pods-GigaCmtUITests.release.xcconfig */ = {isa = PBXFileReference; includeInIndex = 1; lastKnownFileType = text.xcconfig; name = "Pods-GigaCmtUITests.release.xcconfig"; path = "Pods/Target Support Files/Pods-GigaCmtUITests/Pods-GigaCmtUITests.release.xcconfig"; sourceTree = "<group>"; };
		D54D3C9E21426B86001F6FD6 /* GigaCmt.app */ = {isa = PBXFileReference; explicitFileType = wrapper.application; includeInIndex = 0; path = GigaCmt.app; sourceTree = BUILT_PRODUCTS_DIR; };
		D54D3CA121426B86001F6FD6 /* AppDelegate.swift */ = {isa = PBXFileReference; lastKnownFileType = sourcecode.swift; path = AppDelegate.swift; sourceTree = "<group>"; };
		D54D3CA621426B86001F6FD6 /* Base */ = {isa = PBXFileReference; lastKnownFileType = file.storyboard; name = Base; path = Base.lproj/Main.storyboard; sourceTree = "<group>"; };
		D54D3CA821426B87001F6FD6 /* Assets.xcassets */ = {isa = PBXFileReference; lastKnownFileType = folder.assetcatalog; path = Assets.xcassets; sourceTree = "<group>"; };
		D54D3CAB21426B87001F6FD6 /* Base */ = {isa = PBXFileReference; lastKnownFileType = file.storyboard; name = Base; path = Base.lproj/LaunchScreen.storyboard; sourceTree = "<group>"; };
		D54D3CAD21426B88001F6FD6 /* Info.plist */ = {isa = PBXFileReference; lastKnownFileType = text.plist.xml; path = Info.plist; sourceTree = "<group>"; };
		D54D3CB221426B88001F6FD6 /* GigaCmtTests.xctest */ = {isa = PBXFileReference; explicitFileType = wrapper.cfbundle; includeInIndex = 0; path = GigaCmtTests.xctest; sourceTree = BUILT_PRODUCTS_DIR; };
		D54D3CB621426B88001F6FD6 /* GigaCmtTests.swift */ = {isa = PBXFileReference; lastKnownFileType = sourcecode.swift; path = GigaCmtTests.swift; sourceTree = "<group>"; };
		D54D3CB821426B88001F6FD6 /* Info.plist */ = {isa = PBXFileReference; lastKnownFileType = text.plist.xml; path = Info.plist; sourceTree = "<group>"; };
		D54D3CBD21426B88001F6FD6 /* GigaCmtUITests.xctest */ = {isa = PBXFileReference; explicitFileType = wrapper.cfbundle; includeInIndex = 0; path = GigaCmtUITests.xctest; sourceTree = BUILT_PRODUCTS_DIR; };
		D54D3CC121426B88001F6FD6 /* GigaCmtUITests.swift */ = {isa = PBXFileReference; lastKnownFileType = sourcecode.swift; path = GigaCmtUITests.swift; sourceTree = "<group>"; };
		D54D3CC321426B88001F6FD6 /* Info.plist */ = {isa = PBXFileReference; lastKnownFileType = text.plist.xml; path = Info.plist; sourceTree = "<group>"; };
		D54D3CD021426E86001F6FD6 /* CMTabBarController.swift */ = {isa = PBXFileReference; lastKnownFileType = sourcecode.swift; path = CMTabBarController.swift; sourceTree = "<group>"; };
		D54D3CD221427264001F6FD6 /* BaseController.swift */ = {isa = PBXFileReference; lastKnownFileType = sourcecode.swift; path = BaseController.swift; sourceTree = "<group>"; };
		D54D3CD4214272CF001F6FD6 /* CMCommunityController.swift */ = {isa = PBXFileReference; lastKnownFileType = sourcecode.swift; path = CMCommunityController.swift; sourceTree = "<group>"; };
		D54D3CD621427316001F6FD6 /* CMForumController.swift */ = {isa = PBXFileReference; lastKnownFileType = sourcecode.swift; path = CMForumController.swift; sourceTree = "<group>"; };
		D54D3CD821427352001F6FD6 /* CMReferRoomController.swift */ = {isa = PBXFileReference; lastKnownFileType = sourcecode.swift; path = CMReferRoomController.swift; sourceTree = "<group>"; };
		D54D3CDA2142736D001F6FD6 /* CMDatabaseController.swift */ = {isa = PBXFileReference; lastKnownFileType = sourcecode.swift; path = CMDatabaseController.swift; sourceTree = "<group>"; };
		D54D3CDC21427383001F6FD6 /* CMMyPageController.swift */ = {isa = PBXFileReference; lastKnownFileType = sourcecode.swift; path = CMMyPageController.swift; sourceTree = "<group>"; };
		D54D3CDF21427A2C001F6FD6 /* CMLoginController.swift */ = {isa = PBXFileReference; lastKnownFileType = sourcecode.swift; path = CMLoginController.swift; sourceTree = "<group>"; };
		D54D3CE12143617B001F6FD6 /* CMAccount.swift */ = {isa = PBXFileReference; lastKnownFileType = sourcecode.swift; path = CMAccount.swift; sourceTree = "<group>"; };
		D54D3CE421437114001F6FD6 /* MoyaTargetType.swift */ = {isa = PBXFileReference; lastKnownFileType = sourcecode.swift; path = MoyaTargetType.swift; sourceTree = "<group>"; };
		D54D3CE62143ADFD001F6FD6 /* Constant.swift */ = {isa = PBXFileReference; lastKnownFileType = sourcecode.swift; path = Constant.swift; sourceTree = "<group>"; };
		D54D3CEF2143C147001F6FD6 /* CMToolExtension.swift */ = {isa = PBXFileReference; lastKnownFileType = sourcecode.swift; path = CMToolExtension.swift; sourceTree = "<group>"; };
		D54D3CF12143C1BD001F6FD6 /* ToModelExtensions.swift */ = {isa = PBXFileReference; lastKnownFileType = sourcecode.swift; path = ToModelExtensions.swift; sourceTree = "<group>"; };
		D5637F10216AEFF60003C79A /* CMForumMainColCell.swift */ = {isa = PBXFileReference; lastKnownFileType = sourcecode.swift; path = CMForumMainColCell.swift; sourceTree = "<group>"; };
		D5637F12216B25DE0003C79A /* CMForumTableCell.swift */ = {isa = PBXFileReference; lastKnownFileType = sourcecode.swift; path = CMForumTableCell.swift; sourceTree = "<group>"; };
		D5637F14216B42AF0003C79A /* CMForumDetailedController.swift */ = {isa = PBXFileReference; lastKnownFileType = sourcecode.swift; path = CMForumDetailedController.swift; sourceTree = "<group>"; };
		D5637F16216B484F0003C79A /* CMForumCommentTableViewCell.swift */ = {isa = PBXFileReference; lastKnownFileType = sourcecode.swift; path = CMForumCommentTableViewCell.swift; sourceTree = "<group>"; };
		D5A1826621894E2C000E3AEE /* MoyaRequest.swift */ = {isa = PBXFileReference; lastKnownFileType = sourcecode.swift; path = MoyaRequest.swift; sourceTree = "<group>"; };
		D5B2CA522165F8A800B49CE9 /* CMMypageInputView.swift */ = {isa = PBXFileReference; lastKnownFileType = sourcecode.swift; path = CMMypageInputView.swift; sourceTree = "<group>"; };
		D5B2CA542166F39B00B49CE9 /* CMMypageCommentRestViewCell.swift */ = {isa = PBXFileReference; lastKnownFileType = sourcecode.swift; path = CMMypageCommentRestViewCell.swift; sourceTree = "<group>"; };
		D5C9CEB52146170B0028D40E /* CMTopSegView.swift */ = {isa = PBXFileReference; lastKnownFileType = sourcecode.swift; path = CMTopSegView.swift; sourceTree = "<group>"; };
		D5C9CEB721465DDF0028D40E /* CMJmTableView.swift */ = {isa = PBXFileReference; lastKnownFileType = sourcecode.swift; path = CMJmTableView.swift; sourceTree = "<group>"; };
		D5C9CEB921465DFC0028D40E /* CMPerTableView.swift */ = {isa = PBXFileReference; lastKnownFileType = sourcecode.swift; path = CMPerTableView.swift; sourceTree = "<group>"; };
		D5C9CEBC21466E4E0028D40E /* CMmunityStarViewCell.swift */ = {isa = PBXFileReference; lastKnownFileType = sourcecode.swift; path = CMmunityStarViewCell.swift; sourceTree = "<group>"; };
		D5C9CEBE21474D1A0028D40E /* CMmunityStarColCell.swift */ = {isa = PBXFileReference; lastKnownFileType = sourcecode.swift; path = CMmunityStarColCell.swift; sourceTree = "<group>"; };
		D5C9CEC021475BA40028D40E /* CMmunityMonViewCell.swift */ = {isa = PBXFileReference; lastKnownFileType = sourcecode.swift; path = CMmunityMonViewCell.swift; sourceTree = "<group>"; };
		D5C9CEC221475C6B0028D40E /* CMmunityMonColCell.swift */ = {isa = PBXFileReference; lastKnownFileType = sourcecode.swift; path = CMmunityMonColCell.swift; sourceTree = "<group>"; };
		D5C9CEC421475F060028D40E /* CMmunityMonSecViewCell.swift */ = {isa = PBXFileReference; lastKnownFileType = sourcecode.swift; path = CMmunityMonSecViewCell.swift; sourceTree = "<group>"; };
		D5C9CEC62147929F0028D40E /* CMmunityMonStarViewCell.swift */ = {isa = PBXFileReference; lastKnownFileType = sourcecode.swift; path = CMmunityMonStarViewCell.swift; sourceTree = "<group>"; };
		D5C9CEC921479F820028D40E /* CMReferRoomMainTable.swift */ = {isa = PBXFileReference; lastKnownFileType = sourcecode.swift; path = CMReferRoomMainTable.swift; sourceTree = "<group>"; };
		D5C9CECB2147A2960028D40E /* CMReferRoomHeadSectionView.swift */ = {isa = PBXFileReference; lastKnownFileType = sourcecode.swift; path = CMReferRoomHeadSectionView.swift; sourceTree = "<group>"; };
		D5C9CECD2147C6730028D40E /* CMReferRoomFileTableCell.swift */ = {isa = PBXFileReference; lastKnownFileType = sourcecode.swift; path = CMReferRoomFileTableCell.swift; sourceTree = "<group>"; };
		D5C9CECF2148A1520028D40E /* CMReferRoomUploadView.swift */ = {isa = PBXFileReference; lastKnownFileType = sourcecode.swift; path = CMReferRoomUploadView.swift; sourceTree = "<group>"; };
		D5C9CED12148B6320028D40E /* CMReferRoomNewFileView.swift */ = {isa = PBXFileReference; lastKnownFileType = sourcecode.swift; path = CMReferRoomNewFileView.swift; sourceTree = "<group>"; };
		D5C9CEEF2149F78F0028D40E /* zh-Hans */ = {isa = PBXFileReference; lastKnownFileType = text.plist.strings; name = "zh-Hans"; path = "zh-Hans.lproj/Main.strings"; sourceTree = "<group>"; };
		D5C9CEF02149F78F0028D40E /* zh-Hans */ = {isa = PBXFileReference; lastKnownFileType = text.plist.strings; name = "zh-Hans"; path = "zh-Hans.lproj/LaunchScreen.strings"; sourceTree = "<group>"; };
		D5C9CEF12149F7960028D40E /* ko */ = {isa = PBXFileReference; lastKnownFileType = text.plist.strings; name = ko; path = ko.lproj/Main.strings; sourceTree = "<group>"; };
		D5C9CEF22149F7960028D40E /* ko */ = {isa = PBXFileReference; lastKnownFileType = text.plist.strings; name = ko; path = ko.lproj/LaunchScreen.strings; sourceTree = "<group>"; };
		D5C9CEF62149F7D20028D40E /* en */ = {isa = PBXFileReference; lastKnownFileType = text.plist.strings; name = en; path = en.lproj/InfoPlist.strings; sourceTree = "<group>"; };
		D5C9CEF82149F7D20028D40E /* zh-Hans */ = {isa = PBXFileReference; lastKnownFileType = text.plist.strings; name = "zh-Hans"; path = "zh-Hans.lproj/InfoPlist.strings"; sourceTree = "<group>"; };
		D5C9CEF92149F7D20028D40E /* ko */ = {isa = PBXFileReference; lastKnownFileType = text.plist.strings; name = ko; path = ko.lproj/InfoPlist.strings; sourceTree = "<group>"; };
		D5C9CEFD2149FDE20028D40E /* en */ = {isa = PBXFileReference; lastKnownFileType = text.plist.strings; name = en; path = en.lproj/Localizable.strings; sourceTree = "<group>"; };
		D5C9CEFF2149FDE30028D40E /* zh-Hans */ = {isa = PBXFileReference; lastKnownFileType = text.plist.strings; name = "zh-Hans"; path = "zh-Hans.lproj/Localizable.strings"; sourceTree = "<group>"; };
		D5C9CF002149FDE70028D40E /* ko */ = {isa = PBXFileReference; lastKnownFileType = text.plist.strings; name = ko; path = ko.lproj/Localizable.strings; sourceTree = "<group>"; };
		D5C9CF02214B4DE10028D40E /* CMBasedataSegHeadView.swift */ = {isa = PBXFileReference; lastKnownFileType = sourcecode.swift; path = CMBasedataSegHeadView.swift; sourceTree = "<group>"; };
		D5C9CF04214B5C560028D40E /* CMBasedataCollectView.swift */ = {isa = PBXFileReference; lastKnownFileType = sourcecode.swift; path = CMBasedataCollectView.swift; sourceTree = "<group>"; };
		D5C9CF07214CAA970028D40E /* CMMypageMainTable.swift */ = {isa = PBXFileReference; lastKnownFileType = sourcecode.swift; path = CMMypageMainTable.swift; sourceTree = "<group>"; };
		D5C9CF09214CDB570028D40E /* CMMypageMainTableCell.swift */ = {isa = PBXFileReference; lastKnownFileType = sourcecode.swift; path = CMMypageMainTableCell.swift; sourceTree = "<group>"; };
		D5C9CF0B214CE5290028D40E /* CMMypageReleaseButtomColCell.swift */ = {isa = PBXFileReference; lastKnownFileType = sourcecode.swift; path = CMMypageReleaseButtomColCell.swift; sourceTree = "<group>"; };
		D5C9CF0D214CF8E40028D40E /* CMPersonalSettingController.swift */ = {isa = PBXFileReference; lastKnownFileType = sourcecode.swift; path = CMPersonalSettingController.swift; sourceTree = "<group>"; };
		D5C9CF0F214F35D80028D40E /* CMMypageReleaseController.swift */ = {isa = PBXFileReference; lastKnownFileType = sourcecode.swift; path = CMMypageReleaseController.swift; sourceTree = "<group>"; };
		D5C9CF15214F81A40028D40E /* CMMypageReleaseTableViewCell.swift */ = {isa = PBXFileReference; fileEncoding = 4; lastKnownFileType = sourcecode.swift; name = CMMypageReleaseTableViewCell.swift; path = GigaCmt/CMMyPages/CMMypageReleaseTableViewCell.swift; sourceTree = SOURCE_ROOT; };
		D5C9CF17214F98730028D40E /* CMMypageRestButtomColCell.swift */ = {isa = PBXFileReference; lastKnownFileType = sourcecode.swift; path = CMMypageRestButtomColCell.swift; sourceTree = "<group>"; };
		D5C9CF19214F98B80028D40E /* CMMypageAddressListButtomColCell.swift */ = {isa = PBXFileReference; lastKnownFileType = sourcecode.swift; path = CMMypageAddressListButtomColCell.swift; sourceTree = "<group>"; };
		D5C9CF1B214F98DB0028D40E /* CMMypageFindFriendButtomColCell.swift */ = {isa = PBXFileReference; lastKnownFileType = sourcecode.swift; path = CMMypageFindFriendButtomColCell.swift; sourceTree = "<group>"; };
		D5C9CF1D214FA1900028D40E /* CMMypageFindFriendSearchView.swift */ = {isa = PBXFileReference; lastKnownFileType = sourcecode.swift; path = CMMypageFindFriendSearchView.swift; sourceTree = "<group>"; };
		D5C9CF1F215090C10028D40E /* CMMypageAddListButtomSectionView.swift */ = {isa = PBXFileReference; lastKnownFileType = sourcecode.swift; path = CMMypageAddListButtomSectionView.swift; sourceTree = "<group>"; };
		D5C9CF2121509EFB0028D40E /* CMMypageAddListButtomSectionTableCell.swift */ = {isa = PBXFileReference; lastKnownFileType = sourcecode.swift; path = CMMypageAddListButtomSectionTableCell.swift; sourceTree = "<group>"; };
		D5C9CF232150DAB20028D40E /* CMMypageOtherReleaseController.swift */ = {isa = PBXFileReference; lastKnownFileType = sourcecode.swift; path = CMMypageOtherReleaseController.swift; sourceTree = "<group>"; };
		D5C9CF252150DF470028D40E /* CMMypageOtherMainTable.swift */ = {isa = PBXFileReference; lastKnownFileType = sourcecode.swift; path = CMMypageOtherMainTable.swift; sourceTree = "<group>"; };
		D5C9CF272150E09B0028D40E /* CMMypageOtherMainTableCell.swift */ = {isa = PBXFileReference; lastKnownFileType = sourcecode.swift; path = CMMypageOtherMainTableCell.swift; sourceTree = "<group>"; };
		D5C9CF292151F7790028D40E /* CMFindPwdController.swift */ = {isa = PBXFileReference; lastKnownFileType = sourcecode.swift; path = CMFindPwdController.swift; sourceTree = "<group>"; };
		D5C9CF2B215239530028D40E /* CMResetPwdController.swift */ = {isa = PBXFileReference; lastKnownFileType = sourcecode.swift; path = CMResetPwdController.swift; sourceTree = "<group>"; };
		D921FD04E858E2EA45EA833F /* Pods-GigaCmt.release.xcconfig */ = {isa = PBXFileReference; includeInIndex = 1; lastKnownFileType = text.xcconfig; name = "Pods-GigaCmt.release.xcconfig"; path = "Pods/Target Support Files/Pods-GigaCmt/Pods-GigaCmt.release.xcconfig"; sourceTree = "<group>"; };
		F06BB438EE0309CF3BC75474 /* Pods_GigaCmtTests.framework */ = {isa = PBXFileReference; explicitFileType = wrapper.framework; includeInIndex = 0; path = Pods_GigaCmtTests.framework; sourceTree = BUILT_PRODUCTS_DIR; };
/* End PBXFileReference section */

/* Begin PBXFrameworksBuildPhase section */
		D54D3C9B21426B86001F6FD6 /* Frameworks */ = {
			isa = PBXFrameworksBuildPhase;
			buildActionMask = 2147483647;
			files = (
				57B5C7035FD68D0E7498586F /* Pods_GigaCmt.framework in Frameworks */,
			);
			runOnlyForDeploymentPostprocessing = 0;
		};
		D54D3CAF21426B88001F6FD6 /* Frameworks */ = {
			isa = PBXFrameworksBuildPhase;
			buildActionMask = 2147483647;
			files = (
				CE611E8EC2D49AC200EFBE73 /* Pods_GigaCmtTests.framework in Frameworks */,
			);
			runOnlyForDeploymentPostprocessing = 0;
		};
		D54D3CBA21426B88001F6FD6 /* Frameworks */ = {
			isa = PBXFrameworksBuildPhase;
			buildActionMask = 2147483647;
			files = (
				BF821A04494D3E24A5DD583A /* Pods_GigaCmtUITests.framework in Frameworks */,
			);
			runOnlyForDeploymentPostprocessing = 0;
		};
/* End PBXFrameworksBuildPhase section */

/* Begin PBXGroup section */
		092B58960578E7C24A3DA575 /* Pods */ = {
			isa = PBXGroup;
			children = (
				3130D239934CC7E053398132 /* Pods-GigaCmt.debug.xcconfig */,
				D921FD04E858E2EA45EA833F /* Pods-GigaCmt.release.xcconfig */,
				14742BA08C34B5E81BCFFA52 /* Pods-GigaCmtTests.debug.xcconfig */,
				4BB3810CF9C596B034F3F890 /* Pods-GigaCmtTests.release.xcconfig */,
				2E10218EB6660CCA184AB35A /* Pods-GigaCmtUITests.debug.xcconfig */,
				BC20755469AC480AE2AFD261 /* Pods-GigaCmtUITests.release.xcconfig */,
			);
			name = Pods;
			sourceTree = "<group>";
		};
		644C4F4E76F70B6505B44338 /* Frameworks */ = {
			isa = PBXGroup;
			children = (
				6C653A030AD64F228C16FE9E /* Pods_GigaCmt.framework */,
				F06BB438EE0309CF3BC75474 /* Pods_GigaCmtTests.framework */,
				B7A9B1F4F54AA5F93C07D0D0 /* Pods_GigaCmtUITests.framework */,
			);
			name = Frameworks;
			sourceTree = "<group>";
		};
		D54D3C9521426B86001F6FD6 = {
			isa = PBXGroup;
			children = (
				D54D3CA021426B86001F6FD6 /* GigaCmt */,
				D54D3CB521426B88001F6FD6 /* GigaCmtTests */,
				D54D3CC021426B88001F6FD6 /* GigaCmtUITests */,
				D54D3C9F21426B86001F6FD6 /* Products */,
				092B58960578E7C24A3DA575 /* Pods */,
				644C4F4E76F70B6505B44338 /* Frameworks */,
			);
			sourceTree = "<group>";
		};
		D54D3C9F21426B86001F6FD6 /* Products */ = {
			isa = PBXGroup;
			children = (
				D54D3C9E21426B86001F6FD6 /* GigaCmt.app */,
				D54D3CB221426B88001F6FD6 /* GigaCmtTests.xctest */,
				D54D3CBD21426B88001F6FD6 /* GigaCmtUITests.xctest */,
			);
			name = Products;
			sourceTree = "<group>";
		};
		D54D3CA021426B86001F6FD6 /* GigaCmt */ = {
			isa = PBXGroup;
			children = (
				D54D3CE82143B0A4001F6FD6 /* Extension */,
				D54D3CE3214370E6001F6FD6 /* NetWork */,
				D54D3CCF21426E40001F6FD6 /* Base */,
				D54D3CDE214279EA001F6FD6 /* Logins */,
				D54D3CA121426B86001F6FD6 /* AppDelegate.swift */,
				D5C9CEB4214616BC0028D40E /* Communities */,
				D5637F0F216AEF480003C79A /* CMForum */,
				D5C9CEC821479C8D0028D40E /* CMReferRoom */,
				D5C9CF01214B4D000028D40E /* CMBaseData */,
				D5C9CF06214CA5E50028D40E /* CMMyPages */,
				D54D3CD4214272CF001F6FD6 /* CMCommunityController.swift */,
				D54D3CD621427316001F6FD6 /* CMForumController.swift */,
				D54D3CD821427352001F6FD6 /* CMReferRoomController.swift */,
				D54D3CDA2142736D001F6FD6 /* CMDatabaseController.swift */,
				D54D3CDC21427383001F6FD6 /* CMMyPageController.swift */,
				D54D3CA521426B86001F6FD6 /* Main.storyboard */,
				D54D3CA821426B87001F6FD6 /* Assets.xcassets */,
				D54D3CAA21426B87001F6FD6 /* LaunchScreen.storyboard */,
				D54D3CAD21426B88001F6FD6 /* Info.plist */,
				D5C9CEFE2149FDE20028D40E /* Localizable.strings */,
				D5C9CEF72149F7D20028D40E /* InfoPlist.strings */,
			);
			path = GigaCmt;
			sourceTree = "<group>";
		};
		D54D3CB521426B88001F6FD6 /* GigaCmtTests */ = {
			isa = PBXGroup;
			children = (
				D54D3CB621426B88001F6FD6 /* GigaCmtTests.swift */,
				D54D3CB821426B88001F6FD6 /* Info.plist */,
			);
			path = GigaCmtTests;
			sourceTree = "<group>";
		};
		D54D3CC021426B88001F6FD6 /* GigaCmtUITests */ = {
			isa = PBXGroup;
			children = (
				D54D3CC121426B88001F6FD6 /* GigaCmtUITests.swift */,
				D54D3CC321426B88001F6FD6 /* Info.plist */,
			);
			path = GigaCmtUITests;
			sourceTree = "<group>";
		};
		D54D3CCF21426E40001F6FD6 /* Base */ = {
			isa = PBXGroup;
			children = (
				D54D3CD021426E86001F6FD6 /* CMTabBarController.swift */,
				D54D3CD221427264001F6FD6 /* BaseController.swift */,
				D54D3CE12143617B001F6FD6 /* CMAccount.swift */,
				D54D3CE62143ADFD001F6FD6 /* Constant.swift */,
			);
			path = Base;
			sourceTree = "<group>";
		};
		D54D3CDE214279EA001F6FD6 /* Logins */ = {
			isa = PBXGroup;
			children = (
				D54D3CDF21427A2C001F6FD6 /* CMLoginController.swift */,
				D5C9CF292151F7790028D40E /* CMFindPwdController.swift */,
				D5C9CF2B215239530028D40E /* CMResetPwdController.swift */,
			);
			path = Logins;
			sourceTree = "<group>";
		};
		D54D3CE3214370E6001F6FD6 /* NetWork */ = {
			isa = PBXGroup;
			children = (
				D54D3CF12143C1BD001F6FD6 /* ToModelExtensions.swift */,
				D54D3CE421437114001F6FD6 /* MoyaTargetType.swift */,
				D5A1826621894E2C000E3AEE /* MoyaRequest.swift */,
			);
			path = NetWork;
			sourceTree = "<group>";
		};
		D54D3CE82143B0A4001F6FD6 /* Extension */ = {
			isa = PBXGroup;
			children = (
				D54D3CEF2143C147001F6FD6 /* CMToolExtension.swift */,
			);
			path = Extension;
			sourceTree = "<group>";
		};
		D5637F0F216AEF480003C79A /* CMForum */ = {
			isa = PBXGroup;
			children = (
				D5637F10216AEFF60003C79A /* CMForumMainColCell.swift */,
				D5637F12216B25DE0003C79A /* CMForumTableCell.swift */,
				D5637F14216B42AF0003C79A /* CMForumDetailedController.swift */,
				D5637F16216B484F0003C79A /* CMForumCommentTableViewCell.swift */,
			);
			path = CMForum;
			sourceTree = "<group>";
		};
		D5C9CEB4214616BC0028D40E /* Communities */ = {
			isa = PBXGroup;
			children = (
				D5C9CEBB21466DBF0028D40E /* cells */,
				D5C9CEB52146170B0028D40E /* CMTopSegView.swift */,
				D5C9CEB721465DDF0028D40E /* CMJmTableView.swift */,
				D5C9CEB921465DFC0028D40E /* CMPerTableView.swift */,
			);
			path = Communities;
			sourceTree = "<group>";
		};
		D5C9CEBB21466DBF0028D40E /* cells */ = {
			isa = PBXGroup;
			children = (
				D5C9CEBC21466E4E0028D40E /* CMmunityStarViewCell.swift */,
				D5C9CEBE21474D1A0028D40E /* CMmunityStarColCell.swift */,
				D5C9CEC021475BA40028D40E /* CMmunityMonViewCell.swift */,
				D5C9CEC221475C6B0028D40E /* CMmunityMonColCell.swift */,
				D5C9CEC421475F060028D40E /* CMmunityMonSecViewCell.swift */,
				D5C9CEC62147929F0028D40E /* CMmunityMonStarViewCell.swift */,
			);
			path = cells;
			sourceTree = "<group>";
		};
		D5C9CEC821479C8D0028D40E /* CMReferRoom */ = {
			isa = PBXGroup;
			children = (
				D5C9CEC921479F820028D40E /* CMReferRoomMainTable.swift */,
				D5C9CECB2147A2960028D40E /* CMReferRoomHeadSectionView.swift */,
				D5C9CECD2147C6730028D40E /* CMReferRoomFileTableCell.swift */,
				D5C9CECF2148A1520028D40E /* CMReferRoomUploadView.swift */,
				D5C9CED12148B6320028D40E /* CMReferRoomNewFileView.swift */,
			);
			path = CMReferRoom;
			sourceTree = "<group>";
		};
		D5C9CF01214B4D000028D40E /* CMBaseData */ = {
			isa = PBXGroup;
			children = (
				D5C9CF02214B4DE10028D40E /* CMBasedataSegHeadView.swift */,
				D5C9CF04214B5C560028D40E /* CMBasedataCollectView.swift */,
			);
			path = CMBaseData;
			sourceTree = "<group>";
		};
		D5C9CF06214CA5E50028D40E /* CMMyPages */ = {
			isa = PBXGroup;
			children = (
				D5C9CF0D214CF8E40028D40E /* CMPersonalSettingController.swift */,
				D5C9CF0F214F35D80028D40E /* CMMypageReleaseController.swift */,
				D5C9CF232150DAB20028D40E /* CMMypageOtherReleaseController.swift */,
				D5C9CF07214CAA970028D40E /* CMMypageMainTable.swift */,
				D5C9CF09214CDB570028D40E /* CMMypageMainTableCell.swift */,
				D5C9CF252150DF470028D40E /* CMMypageOtherMainTable.swift */,
				D5C9CF272150E09B0028D40E /* CMMypageOtherMainTableCell.swift */,
				D5C9CF0B214CE5290028D40E /* CMMypageReleaseButtomColCell.swift */,
				D5C9CF19214F98B80028D40E /* CMMypageAddressListButtomColCell.swift */,
				D5C9CF1B214F98DB0028D40E /* CMMypageFindFriendButtomColCell.swift */,
				D5C9CF17214F98730028D40E /* CMMypageRestButtomColCell.swift */,
				D5C9CF1D214FA1900028D40E /* CMMypageFindFriendSearchView.swift */,
				D5C9CF15214F81A40028D40E /* CMMypageReleaseTableViewCell.swift */,
				D5C9CF1F215090C10028D40E /* CMMypageAddListButtomSectionView.swift */,
				D5C9CF2121509EFB0028D40E /* CMMypageAddListButtomSectionTableCell.swift */,
				D5B2CA522165F8A800B49CE9 /* CMMypageInputView.swift */,
				D5B2CA542166F39B00B49CE9 /* CMMypageCommentRestViewCell.swift */,
			);
			path = CMMyPages;
			sourceTree = "<group>";
		};
/* End PBXGroup section */

/* Begin PBXNativeTarget section */
		D54D3C9D21426B86001F6FD6 /* GigaCmt */ = {
			isa = PBXNativeTarget;
			buildConfigurationList = D54D3CC621426B88001F6FD6 /* Build configuration list for PBXNativeTarget "GigaCmt" */;
			buildPhases = (
				4F7CDC70F33E201285A4FA3D /* [CP] Check Pods Manifest.lock */,
				D54D3C9A21426B86001F6FD6 /* Sources */,
				D54D3C9B21426B86001F6FD6 /* Frameworks */,
				D54D3C9C21426B86001F6FD6 /* Resources */,
				2F01C850FED74A38326423B2 /* [CP] Embed Pods Frameworks */,
				07A962EF3EA44E3094279A6B /* [CP] Copy Pods Resources */,
			);
			buildRules = (
			);
			dependencies = (
			);
			name = GigaCmt;
			productName = GigaCmt;
			productReference = D54D3C9E21426B86001F6FD6 /* GigaCmt.app */;
			productType = "com.apple.product-type.application";
		};
		D54D3CB121426B88001F6FD6 /* GigaCmtTests */ = {
			isa = PBXNativeTarget;
			buildConfigurationList = D54D3CC921426B88001F6FD6 /* Build configuration list for PBXNativeTarget "GigaCmtTests" */;
			buildPhases = (
				5943750219E955C64522A7DB /* [CP] Check Pods Manifest.lock */,
				D54D3CAE21426B88001F6FD6 /* Sources */,
				D54D3CAF21426B88001F6FD6 /* Frameworks */,
				D54D3CB021426B88001F6FD6 /* Resources */,
				4EA672B573194A6E0A12BA50 /* [CP] Embed Pods Frameworks */,
				37CAAC77E7F3B6C09E19BA4A /* [CP] Copy Pods Resources */,
			);
			buildRules = (
			);
			dependencies = (
				D54D3CB421426B88001F6FD6 /* PBXTargetDependency */,
			);
			name = GigaCmtTests;
			productName = GigaCmtTests;
			productReference = D54D3CB221426B88001F6FD6 /* GigaCmtTests.xctest */;
			productType = "com.apple.product-type.bundle.unit-test";
		};
		D54D3CBC21426B88001F6FD6 /* GigaCmtUITests */ = {
			isa = PBXNativeTarget;
			buildConfigurationList = D54D3CCC21426B88001F6FD6 /* Build configuration list for PBXNativeTarget "GigaCmtUITests" */;
			buildPhases = (
				6E5A8F47445937158AA2E6E7 /* [CP] Check Pods Manifest.lock */,
				D54D3CB921426B88001F6FD6 /* Sources */,
				D54D3CBA21426B88001F6FD6 /* Frameworks */,
				D54D3CBB21426B88001F6FD6 /* Resources */,
				DFA8E0E56489B6FFA4809E3D /* [CP] Embed Pods Frameworks */,
				1E5FF489CD7020D7997B40FF /* [CP] Copy Pods Resources */,
			);
			buildRules = (
			);
			dependencies = (
				D54D3CBF21426B88001F6FD6 /* PBXTargetDependency */,
			);
			name = GigaCmtUITests;
			productName = GigaCmtUITests;
			productReference = D54D3CBD21426B88001F6FD6 /* GigaCmtUITests.xctest */;
			productType = "com.apple.product-type.bundle.ui-testing";
		};
/* End PBXNativeTarget section */

/* Begin PBXProject section */
		D54D3C9621426B86001F6FD6 /* Project object */ = {
			isa = PBXProject;
			attributes = {
				LastSwiftUpdateCheck = 0940;
				LastUpgradeCheck = 0940;
				ORGANIZATIONNAME = "GIGA Korea";
				TargetAttributes = {
					D54D3C9D21426B86001F6FD6 = {
						CreatedOnToolsVersion = 9.4.1;
					};
					D54D3CB121426B88001F6FD6 = {
						CreatedOnToolsVersion = 9.4.1;
						TestTargetID = D54D3C9D21426B86001F6FD6;
					};
					D54D3CBC21426B88001F6FD6 = {
						CreatedOnToolsVersion = 9.4.1;
						TestTargetID = D54D3C9D21426B86001F6FD6;
					};
				};
			};
			buildConfigurationList = D54D3C9921426B86001F6FD6 /* Build configuration list for PBXProject "GigaCmt" */;
			compatibilityVersion = "Xcode 9.3";
			developmentRegion = en;
			hasScannedForEncodings = 0;
			knownRegions = (
				en,
				Base,
				"zh-Hans",
				ko,
			);
			mainGroup = D54D3C9521426B86001F6FD6;
			productRefGroup = D54D3C9F21426B86001F6FD6 /* Products */;
			projectDirPath = "";
			projectRoot = "";
			targets = (
				D54D3C9D21426B86001F6FD6 /* GigaCmt */,
				D54D3CB121426B88001F6FD6 /* GigaCmtTests */,
				D54D3CBC21426B88001F6FD6 /* GigaCmtUITests */,
			);
		};
/* End PBXProject section */

/* Begin PBXResourcesBuildPhase section */
		D54D3C9C21426B86001F6FD6 /* Resources */ = {
			isa = PBXResourcesBuildPhase;
			buildActionMask = 2147483647;
			files = (
				D5C9CEFC2149FDE20028D40E /* Localizable.strings in Resources */,
				D54D3CAC21426B87001F6FD6 /* LaunchScreen.storyboard in Resources */,
				D5C9CEF52149F7D20028D40E /* InfoPlist.strings in Resources */,
				D54D3CA921426B87001F6FD6 /* Assets.xcassets in Resources */,
				D54D3CA721426B86001F6FD6 /* Main.storyboard in Resources */,
			);
			runOnlyForDeploymentPostprocessing = 0;
		};
		D54D3CB021426B88001F6FD6 /* Resources */ = {
			isa = PBXResourcesBuildPhase;
			buildActionMask = 2147483647;
			files = (
			);
			runOnlyForDeploymentPostprocessing = 0;
		};
		D54D3CBB21426B88001F6FD6 /* Resources */ = {
			isa = PBXResourcesBuildPhase;
			buildActionMask = 2147483647;
			files = (
			);
			runOnlyForDeploymentPostprocessing = 0;
		};
/* End PBXResourcesBuildPhase section */

/* Begin PBXShellScriptBuildPhase section */
		07A962EF3EA44E3094279A6B /* [CP] Copy Pods Resources */ = {
			isa = PBXShellScriptBuildPhase;
			buildActionMask = 2147483647;
			files = (
			);
			inputPaths = (
			);
			name = "[CP] Copy Pods Resources";
			outputPaths = (
			);
			runOnlyForDeploymentPostprocessing = 0;
			shellPath = /bin/sh;
			shellScript = "\"${SRCROOT}/Pods/Target Support Files/Pods-GigaCmt/Pods-GigaCmt-resources.sh\"\n";
			showEnvVarsInLog = 0;
		};
		1E5FF489CD7020D7997B40FF /* [CP] Copy Pods Resources */ = {
			isa = PBXShellScriptBuildPhase;
			buildActionMask = 2147483647;
			files = (
			);
			inputPaths = (
			);
			name = "[CP] Copy Pods Resources";
			outputPaths = (
			);
			runOnlyForDeploymentPostprocessing = 0;
			shellPath = /bin/sh;
			shellScript = "\"${SRCROOT}/Pods/Target Support Files/Pods-GigaCmtUITests/Pods-GigaCmtUITests-resources.sh\"\n";
			showEnvVarsInLog = 0;
		};
		2F01C850FED74A38326423B2 /* [CP] Embed Pods Frameworks */ = {
			isa = PBXShellScriptBuildPhase;
			buildActionMask = 2147483647;
			files = (
			);
			inputPaths = (
				"${SRCROOT}/Pods/Target Support Files/Pods-GigaCmt/Pods-GigaCmt-frameworks.sh",
				"${BUILT_PRODUCTS_DIR}/Alamofire/Alamofire.framework",
				"${BUILT_PRODUCTS_DIR}/HandyJSON/HandyJSON.framework",
				"${BUILT_PRODUCTS_DIR}/Kingfisher/Kingfisher.framework",
				"${BUILT_PRODUCTS_DIR}/Moya/Moya.framework",
				"${BUILT_PRODUCTS_DIR}/NVActivityIndicatorView/NVActivityIndicatorView.framework",
				"${BUILT_PRODUCTS_DIR}/ObjectMapper/ObjectMapper.framework",
				"${BUILT_PRODUCTS_DIR}/PhotoBrowserSwift/PhotoBrowserSwift.framework",
				"${BUILT_PRODUCTS_DIR}/Result/Result.framework",
				"${BUILT_PRODUCTS_DIR}/RxSwift/RxSwift.framework",
				"${BUILT_PRODUCTS_DIR}/SnapKit/SnapKit.framework",
			);
			name = "[CP] Embed Pods Frameworks";
			outputPaths = (
				"${TARGET_BUILD_DIR}/${FRAMEWORKS_FOLDER_PATH}/Alamofire.framework",
				"${TARGET_BUILD_DIR}/${FRAMEWORKS_FOLDER_PATH}/HandyJSON.framework",
				"${TARGET_BUILD_DIR}/${FRAMEWORKS_FOLDER_PATH}/Kingfisher.framework",
				"${TARGET_BUILD_DIR}/${FRAMEWORKS_FOLDER_PATH}/Moya.framework",
				"${TARGET_BUILD_DIR}/${FRAMEWORKS_FOLDER_PATH}/NVActivityIndicatorView.framework",
				"${TARGET_BUILD_DIR}/${FRAMEWORKS_FOLDER_PATH}/ObjectMapper.framework",
				"${TARGET_BUILD_DIR}/${FRAMEWORKS_FOLDER_PATH}/PhotoBrowserSwift.framework",
				"${TARGET_BUILD_DIR}/${FRAMEWORKS_FOLDER_PATH}/Result.framework",
				"${TARGET_BUILD_DIR}/${FRAMEWORKS_FOLDER_PATH}/RxSwift.framework",
				"${TARGET_BUILD_DIR}/${FRAMEWORKS_FOLDER_PATH}/SnapKit.framework",
			);
			runOnlyForDeploymentPostprocessing = 0;
			shellPath = /bin/sh;
			shellScript = "\"${SRCROOT}/Pods/Target Support Files/Pods-GigaCmt/Pods-GigaCmt-frameworks.sh\"\n";
			showEnvVarsInLog = 0;
		};
		37CAAC77E7F3B6C09E19BA4A /* [CP] Copy Pods Resources */ = {
			isa = PBXShellScriptBuildPhase;
			buildActionMask = 2147483647;
			files = (
			);
			inputPaths = (
			);
			name = "[CP] Copy Pods Resources";
			outputPaths = (
			);
			runOnlyForDeploymentPostprocessing = 0;
			shellPath = /bin/sh;
			shellScript = "\"${SRCROOT}/Pods/Target Support Files/Pods-GigaCmtTests/Pods-GigaCmtTests-resources.sh\"\n";
			showEnvVarsInLog = 0;
		};
		4EA672B573194A6E0A12BA50 /* [CP] Embed Pods Frameworks */ = {
			isa = PBXShellScriptBuildPhase;
			buildActionMask = 2147483647;
			files = (
			);
			inputPaths = (
			);
			name = "[CP] Embed Pods Frameworks";
			outputPaths = (
			);
			runOnlyForDeploymentPostprocessing = 0;
			shellPath = /bin/sh;
			shellScript = "\"${SRCROOT}/Pods/Target Support Files/Pods-GigaCmtTests/Pods-GigaCmtTests-frameworks.sh\"\n";
			showEnvVarsInLog = 0;
		};
		4F7CDC70F33E201285A4FA3D /* [CP] Check Pods Manifest.lock */ = {
			isa = PBXShellScriptBuildPhase;
			buildActionMask = 2147483647;
			files = (
			);
			inputPaths = (
				"${PODS_PODFILE_DIR_PATH}/Podfile.lock",
				"${PODS_ROOT}/Manifest.lock",
			);
			name = "[CP] Check Pods Manifest.lock";
			outputPaths = (
				"$(DERIVED_FILE_DIR)/Pods-GigaCmt-checkManifestLockResult.txt",
			);
			runOnlyForDeploymentPostprocessing = 0;
			shellPath = /bin/sh;
			shellScript = "diff \"${PODS_PODFILE_DIR_PATH}/Podfile.lock\" \"${PODS_ROOT}/Manifest.lock\" > /dev/null\nif [ $? != 0 ] ; then\n    # print error to STDERR\n    echo \"error: The sandbox is not in sync with the Podfile.lock. Run 'pod install' or update your CocoaPods installation.\" >&2\n    exit 1\nfi\n# This output is used by Xcode 'outputs' to avoid re-running this script phase.\necho \"SUCCESS\" > \"${SCRIPT_OUTPUT_FILE_0}\"\n";
			showEnvVarsInLog = 0;
		};
		5943750219E955C64522A7DB /* [CP] Check Pods Manifest.lock */ = {
			isa = PBXShellScriptBuildPhase;
			buildActionMask = 2147483647;
			files = (
			);
			inputPaths = (
				"${PODS_PODFILE_DIR_PATH}/Podfile.lock",
				"${PODS_ROOT}/Manifest.lock",
			);
			name = "[CP] Check Pods Manifest.lock";
			outputPaths = (
				"$(DERIVED_FILE_DIR)/Pods-GigaCmtTests-checkManifestLockResult.txt",
			);
			runOnlyForDeploymentPostprocessing = 0;
			shellPath = /bin/sh;
			shellScript = "diff \"${PODS_PODFILE_DIR_PATH}/Podfile.lock\" \"${PODS_ROOT}/Manifest.lock\" > /dev/null\nif [ $? != 0 ] ; then\n    # print error to STDERR\n    echo \"error: The sandbox is not in sync with the Podfile.lock. Run 'pod install' or update your CocoaPods installation.\" >&2\n    exit 1\nfi\n# This output is used by Xcode 'outputs' to avoid re-running this script phase.\necho \"SUCCESS\" > \"${SCRIPT_OUTPUT_FILE_0}\"\n";
			showEnvVarsInLog = 0;
		};
		6E5A8F47445937158AA2E6E7 /* [CP] Check Pods Manifest.lock */ = {
			isa = PBXShellScriptBuildPhase;
			buildActionMask = 2147483647;
			files = (
			);
			inputPaths = (
				"${PODS_PODFILE_DIR_PATH}/Podfile.lock",
				"${PODS_ROOT}/Manifest.lock",
			);
			name = "[CP] Check Pods Manifest.lock";
			outputPaths = (
				"$(DERIVED_FILE_DIR)/Pods-GigaCmtUITests-checkManifestLockResult.txt",
			);
			runOnlyForDeploymentPostprocessing = 0;
			shellPath = /bin/sh;
			shellScript = "diff \"${PODS_PODFILE_DIR_PATH}/Podfile.lock\" \"${PODS_ROOT}/Manifest.lock\" > /dev/null\nif [ $? != 0 ] ; then\n    # print error to STDERR\n    echo \"error: The sandbox is not in sync with the Podfile.lock. Run 'pod install' or update your CocoaPods installation.\" >&2\n    exit 1\nfi\n# This output is used by Xcode 'outputs' to avoid re-running this script phase.\necho \"SUCCESS\" > \"${SCRIPT_OUTPUT_FILE_0}\"\n";
			showEnvVarsInLog = 0;
		};
		DFA8E0E56489B6FFA4809E3D /* [CP] Embed Pods Frameworks */ = {
			isa = PBXShellScriptBuildPhase;
			buildActionMask = 2147483647;
			files = (
			);
			inputPaths = (
			);
			name = "[CP] Embed Pods Frameworks";
			outputPaths = (
			);
			runOnlyForDeploymentPostprocessing = 0;
			shellPath = /bin/sh;
			shellScript = "\"${SRCROOT}/Pods/Target Support Files/Pods-GigaCmtUITests/Pods-GigaCmtUITests-frameworks.sh\"\n";
			showEnvVarsInLog = 0;
		};
/* End PBXShellScriptBuildPhase section */

/* Begin PBXSourcesBuildPhase section */
		D54D3C9A21426B86001F6FD6 /* Sources */ = {
			isa = PBXSourcesBuildPhase;
			buildActionMask = 2147483647;
			files = (
				D5C9CEBF21474D1A0028D40E /* CMmunityStarColCell.swift in Sources */,
				D54D3CD121426E86001F6FD6 /* CMTabBarController.swift in Sources */,
				D5C9CF05214B5C560028D40E /* CMBasedataCollectView.swift in Sources */,
				D5C9CF282150E09B0028D40E /* CMMypageOtherMainTableCell.swift in Sources */,
				D5C9CF20215090C10028D40E /* CMMypageAddListButtomSectionView.swift in Sources */,
				D54D3CE22143617B001F6FD6 /* CMAccount.swift in Sources */,
				D5C9CF08214CAA970028D40E /* CMMypageMainTable.swift in Sources */,
				D5C9CF0C214CE5290028D40E /* CMMypageReleaseButtomColCell.swift in Sources */,
				D5C9CEB62146170B0028D40E /* CMTopSegView.swift in Sources */,
				D5C9CEC72147929F0028D40E /* CMmunityMonStarViewCell.swift in Sources */,
				D5C9CF262150DF470028D40E /* CMMypageOtherMainTable.swift in Sources */,
				D54D3CDB2142736D001F6FD6 /* CMDatabaseController.swift in Sources */,
				D5C9CEC521475F060028D40E /* CMmunityMonSecViewCell.swift in Sources */,
				D5B2CA552166F39B00B49CE9 /* CMMypageCommentRestViewCell.swift in Sources */,
				D5C9CF1E214FA1900028D40E /* CMMypageFindFriendSearchView.swift in Sources */,
				D5C9CED02148A1520028D40E /* CMReferRoomUploadView.swift in Sources */,
				D5C9CEBD21466E4E0028D40E /* CMmunityStarViewCell.swift in Sources */,
				D5B2CA532165F8A800B49CE9 /* CMMypageInputView.swift in Sources */,
				D5C9CECC2147A2960028D40E /* CMReferRoomHeadSectionView.swift in Sources */,
				D5C9CF1C214F98DB0028D40E /* CMMypageFindFriendButtomColCell.swift in Sources */,
				D54D3CDD21427383001F6FD6 /* CMMyPageController.swift in Sources */,
				D5C9CF1A214F98B80028D40E /* CMMypageAddressListButtomColCell.swift in Sources */,
				D54D3CD921427352001F6FD6 /* CMReferRoomController.swift in Sources */,
				D54D3CE021427A2C001F6FD6 /* CMLoginController.swift in Sources */,
				D5C9CF16214F81A50028D40E /* CMMypageReleaseTableViewCell.swift in Sources */,
				D5C9CF18214F98730028D40E /* CMMypageRestButtomColCell.swift in Sources */,
				D5C9CECE2147C6730028D40E /* CMReferRoomFileTableCell.swift in Sources */,
				D5C9CF10214F35D80028D40E /* CMMypageReleaseController.swift in Sources */,
				D5C9CECA21479F820028D40E /* CMReferRoomMainTable.swift in Sources */,
				D5C9CF0E214CF8E40028D40E /* CMPersonalSettingController.swift in Sources */,
				D5637F17216B484F0003C79A /* CMForumCommentTableViewCell.swift in Sources */,
				D54D3CD721427316001F6FD6 /* CMForumController.swift in Sources */,
				D5C9CF2C215239530028D40E /* CMResetPwdController.swift in Sources */,
				D5C9CEB821465DDF0028D40E /* CMJmTableView.swift in Sources */,
				D5637F11216AEFF60003C79A /* CMForumMainColCell.swift in Sources */,
				D5C9CF2221509EFB0028D40E /* CMMypageAddListButtomSectionTableCell.swift in Sources */,
				D5637F15216B42AF0003C79A /* CMForumDetailedController.swift in Sources */,
				D5A1826721894E2C000E3AEE /* MoyaRequest.swift in Sources */,
				D5637F13216B25DE0003C79A /* CMForumTableCell.swift in Sources */,
				D5C9CED22148B6320028D40E /* CMReferRoomNewFileView.swift in Sources */,
				D54D3CE521437114001F6FD6 /* MoyaTargetType.swift in Sources */,
				D54D3CD321427264001F6FD6 /* BaseController.swift in Sources */,
				D5C9CF0A214CDB570028D40E /* CMMypageMainTableCell.swift in Sources */,
				D54D3CF22143C1BD001F6FD6 /* ToModelExtensions.swift in Sources */,
				D5C9CF242150DAB20028D40E /* CMMypageOtherReleaseController.swift in Sources */,
				D5C9CEC321475C6B0028D40E /* CMmunityMonColCell.swift in Sources */,
				D54D3CA221426B86001F6FD6 /* AppDelegate.swift in Sources */,
				D5C9CEC121475BA40028D40E /* CMmunityMonViewCell.swift in Sources */,
				D5C9CF2A2151F7790028D40E /* CMFindPwdController.swift in Sources */,
				D54D3CF02143C147001F6FD6 /* CMToolExtension.swift in Sources */,
				D5C9CF03214B4DE10028D40E /* CMBasedataSegHeadView.swift in Sources */,
				D54D3CD5214272CF001F6FD6 /* CMCommunityController.swift in Sources */,
				D5C9CEBA21465DFC0028D40E /* CMPerTableView.swift in Sources */,
				D54D3CE72143ADFD001F6FD6 /* Constant.swift in Sources */,
			);
			runOnlyForDeploymentPostprocessing = 0;
		};
		D54D3CAE21426B88001F6FD6 /* Sources */ = {
			isa = PBXSourcesBuildPhase;
			buildActionMask = 2147483647;
			files = (
				D54D3CB721426B88001F6FD6 /* GigaCmtTests.swift in Sources */,
			);
			runOnlyForDeploymentPostprocessing = 0;
		};
		D54D3CB921426B88001F6FD6 /* Sources */ = {
			isa = PBXSourcesBuildPhase;
			buildActionMask = 2147483647;
			files = (
				D54D3CC221426B88001F6FD6 /* GigaCmtUITests.swift in Sources */,
			);
			runOnlyForDeploymentPostprocessing = 0;
		};
/* End PBXSourcesBuildPhase section */

/* Begin PBXTargetDependency section */
		D54D3CB421426B88001F6FD6 /* PBXTargetDependency */ = {
			isa = PBXTargetDependency;
			target = D54D3C9D21426B86001F6FD6 /* GigaCmt */;
			targetProxy = D54D3CB321426B88001F6FD6 /* PBXContainerItemProxy */;
		};
		D54D3CBF21426B88001F6FD6 /* PBXTargetDependency */ = {
			isa = PBXTargetDependency;
			target = D54D3C9D21426B86001F6FD6 /* GigaCmt */;
			targetProxy = D54D3CBE21426B88001F6FD6 /* PBXContainerItemProxy */;
		};
/* End PBXTargetDependency section */

/* Begin PBXVariantGroup section */
		D54D3CA521426B86001F6FD6 /* Main.storyboard */ = {
			isa = PBXVariantGroup;
			children = (
				D54D3CA621426B86001F6FD6 /* Base */,
				D5C9CEEF2149F78F0028D40E /* zh-Hans */,
				D5C9CEF12149F7960028D40E /* ko */,
			);
			name = Main.storyboard;
			sourceTree = "<group>";
		};
		D54D3CAA21426B87001F6FD6 /* LaunchScreen.storyboard */ = {
			isa = PBXVariantGroup;
			children = (
				D54D3CAB21426B87001F6FD6 /* Base */,
				D5C9CEF02149F78F0028D40E /* zh-Hans */,
				D5C9CEF22149F7960028D40E /* ko */,
			);
			name = LaunchScreen.storyboard;
			sourceTree = "<group>";
		};
		D5C9CEF72149F7D20028D40E /* InfoPlist.strings */ = {
			isa = PBXVariantGroup;
			children = (
				D5C9CEF62149F7D20028D40E /* en */,
				D5C9CEF82149F7D20028D40E /* zh-Hans */,
				D5C9CEF92149F7D20028D40E /* ko */,
			);
			name = InfoPlist.strings;
			sourceTree = "<group>";
		};
		D5C9CEFE2149FDE20028D40E /* Localizable.strings */ = {
			isa = PBXVariantGroup;
			children = (
				D5C9CEFD2149FDE20028D40E /* en */,
				D5C9CEFF2149FDE30028D40E /* zh-Hans */,
				D5C9CF002149FDE70028D40E /* ko */,
			);
			name = Localizable.strings;
			sourceTree = "<group>";
		};
/* End PBXVariantGroup section */

/* Begin XCBuildConfiguration section */
		D54D3CC421426B88001F6FD6 /* Debug */ = {
			isa = XCBuildConfiguration;
			buildSettings = {
				ALWAYS_SEARCH_USER_PATHS = NO;
				CLANG_ANALYZER_LOCALIZABILITY_NONLOCALIZED = YES;
				CLANG_ANALYZER_NONNULL = YES;
				CLANG_ANALYZER_NUMBER_OBJECT_CONVERSION = YES_AGGRESSIVE;
				CLANG_CXX_LANGUAGE_STANDARD = "gnu++14";
				CLANG_CXX_LIBRARY = "libc++";
				CLANG_ENABLE_MODULES = YES;
				CLANG_ENABLE_OBJC_ARC = YES;
				CLANG_ENABLE_OBJC_WEAK = YES;
				CLANG_WARN_BLOCK_CAPTURE_AUTORELEASING = YES;
				CLANG_WARN_BOOL_CONVERSION = YES;
				CLANG_WARN_COMMA = YES;
				CLANG_WARN_CONSTANT_CONVERSION = YES;
				CLANG_WARN_DEPRECATED_OBJC_IMPLEMENTATIONS = YES;
				CLANG_WARN_DIRECT_OBJC_ISA_USAGE = YES_ERROR;
				CLANG_WARN_DOCUMENTATION_COMMENTS = YES;
				CLANG_WARN_EMPTY_BODY = YES;
				CLANG_WARN_ENUM_CONVERSION = YES;
				CLANG_WARN_INFINITE_RECURSION = YES;
				CLANG_WARN_INT_CONVERSION = YES;
				CLANG_WARN_NON_LITERAL_NULL_CONVERSION = YES;
				CLANG_WARN_OBJC_IMPLICIT_RETAIN_SELF = YES;
				CLANG_WARN_OBJC_LITERAL_CONVERSION = YES;
				CLANG_WARN_OBJC_ROOT_CLASS = YES_ERROR;
				CLANG_WARN_RANGE_LOOP_ANALYSIS = YES;
				CLANG_WARN_STRICT_PROTOTYPES = YES;
				CLANG_WARN_SUSPICIOUS_MOVE = YES;
				CLANG_WARN_UNGUARDED_AVAILABILITY = YES_AGGRESSIVE;
				CLANG_WARN_UNREACHABLE_CODE = YES;
				CLANG_WARN__DUPLICATE_METHOD_MATCH = YES;
				CODE_SIGN_IDENTITY = "iPhone Developer";
				COPY_PHASE_STRIP = NO;
				DEBUG_INFORMATION_FORMAT = dwarf;
				ENABLE_STRICT_OBJC_MSGSEND = YES;
				ENABLE_TESTABILITY = YES;
				GCC_C_LANGUAGE_STANDARD = gnu11;
				GCC_DYNAMIC_NO_PIC = NO;
				GCC_NO_COMMON_BLOCKS = YES;
				GCC_OPTIMIZATION_LEVEL = 0;
				GCC_PREPROCESSOR_DEFINITIONS = (
					"DEBUG=1",
					"$(inherited)",
				);
				GCC_WARN_64_TO_32_BIT_CONVERSION = YES;
				GCC_WARN_ABOUT_RETURN_TYPE = YES_ERROR;
				GCC_WARN_UNDECLARED_SELECTOR = YES;
				GCC_WARN_UNINITIALIZED_AUTOS = YES_AGGRESSIVE;
				GCC_WARN_UNUSED_FUNCTION = YES;
				GCC_WARN_UNUSED_VARIABLE = YES;
				IPHONEOS_DEPLOYMENT_TARGET = 11.4;
				MTL_ENABLE_DEBUG_INFO = YES;
				ONLY_ACTIVE_ARCH = YES;
				SDKROOT = iphoneos;
				SWIFT_ACTIVE_COMPILATION_CONDITIONS = DEBUG;
				SWIFT_OPTIMIZATION_LEVEL = "-Onone";
			};
			name = Debug;
		};
		D54D3CC521426B88001F6FD6 /* Release */ = {
			isa = XCBuildConfiguration;
			buildSettings = {
				ALWAYS_SEARCH_USER_PATHS = NO;
				CLANG_ANALYZER_LOCALIZABILITY_NONLOCALIZED = YES;
				CLANG_ANALYZER_NONNULL = YES;
				CLANG_ANALYZER_NUMBER_OBJECT_CONVERSION = YES_AGGRESSIVE;
				CLANG_CXX_LANGUAGE_STANDARD = "gnu++14";
				CLANG_CXX_LIBRARY = "libc++";
				CLANG_ENABLE_MODULES = YES;
				CLANG_ENABLE_OBJC_ARC = YES;
				CLANG_ENABLE_OBJC_WEAK = YES;
				CLANG_WARN_BLOCK_CAPTURE_AUTORELEASING = YES;
				CLANG_WARN_BOOL_CONVERSION = YES;
				CLANG_WARN_COMMA = YES;
				CLANG_WARN_CONSTANT_CONVERSION = YES;
				CLANG_WARN_DEPRECATED_OBJC_IMPLEMENTATIONS = YES;
				CLANG_WARN_DIRECT_OBJC_ISA_USAGE = YES_ERROR;
				CLANG_WARN_DOCUMENTATION_COMMENTS = YES;
				CLANG_WARN_EMPTY_BODY = YES;
				CLANG_WARN_ENUM_CONVERSION = YES;
				CLANG_WARN_INFINITE_RECURSION = YES;
				CLANG_WARN_INT_CONVERSION = YES;
				CLANG_WARN_NON_LITERAL_NULL_CONVERSION = YES;
				CLANG_WARN_OBJC_IMPLICIT_RETAIN_SELF = YES;
				CLANG_WARN_OBJC_LITERAL_CONVERSION = YES;
				CLANG_WARN_OBJC_ROOT_CLASS = YES_ERROR;
				CLANG_WARN_RANGE_LOOP_ANALYSIS = YES;
				CLANG_WARN_STRICT_PROTOTYPES = YES;
				CLANG_WARN_SUSPICIOUS_MOVE = YES;
				CLANG_WARN_UNGUARDED_AVAILABILITY = YES_AGGRESSIVE;
				CLANG_WARN_UNREACHABLE_CODE = YES;
				CLANG_WARN__DUPLICATE_METHOD_MATCH = YES;
				CODE_SIGN_IDENTITY = "iPhone Developer";
				COPY_PHASE_STRIP = NO;
				DEBUG_INFORMATION_FORMAT = "dwarf-with-dsym";
				ENABLE_NS_ASSERTIONS = NO;
				ENABLE_STRICT_OBJC_MSGSEND = YES;
				GCC_C_LANGUAGE_STANDARD = gnu11;
				GCC_NO_COMMON_BLOCKS = YES;
				GCC_WARN_64_TO_32_BIT_CONVERSION = YES;
				GCC_WARN_ABOUT_RETURN_TYPE = YES_ERROR;
				GCC_WARN_UNDECLARED_SELECTOR = YES;
				GCC_WARN_UNINITIALIZED_AUTOS = YES_AGGRESSIVE;
				GCC_WARN_UNUSED_FUNCTION = YES;
				GCC_WARN_UNUSED_VARIABLE = YES;
				IPHONEOS_DEPLOYMENT_TARGET = 11.4;
				MTL_ENABLE_DEBUG_INFO = NO;
				SDKROOT = iphoneos;
				SWIFT_COMPILATION_MODE = wholemodule;
				SWIFT_OPTIMIZATION_LEVEL = "-O";
				VALIDATE_PRODUCT = YES;
			};
			name = Release;
		};
		D54D3CC721426B88001F6FD6 /* Debug */ = {
			isa = XCBuildConfiguration;
			baseConfigurationReference = 3130D239934CC7E053398132 /* Pods-GigaCmt.debug.xcconfig */;
			buildSettings = {
				ASSETCATALOG_COMPILER_APPICON_NAME = AppIcon;
				CODE_SIGN_STYLE = Automatic;
				DEVELOPMENT_TEAM = W6JK3FHE8S;
				INFOPLIST_FILE = GigaCmt/Info.plist;
				IPHONEOS_DEPLOYMENT_TARGET = 10.0;
				LD_RUNPATH_SEARCH_PATHS = (
					"$(inherited)",
					"@executable_path/Frameworks",
				);
				PRODUCT_BUNDLE_IDENTIFIER = com.gigakorea.kfme;
				PRODUCT_NAME = "$(TARGET_NAME)";
				SWIFT_VERSION = 4.0;
				TARGETED_DEVICE_FAMILY = "1,2";
			};
			name = Debug;
		};
		D54D3CC821426B88001F6FD6 /* Release */ = {
			isa = XCBuildConfiguration;
			baseConfigurationReference = D921FD04E858E2EA45EA833F /* Pods-GigaCmt.release.xcconfig */;
			buildSettings = {
				ASSETCATALOG_COMPILER_APPICON_NAME = AppIcon;
				CODE_SIGN_STYLE = Automatic;
				DEVELOPMENT_TEAM = W6JK3FHE8S;
				INFOPLIST_FILE = GigaCmt/Info.plist;
				IPHONEOS_DEPLOYMENT_TARGET = 10.0;
				LD_RUNPATH_SEARCH_PATHS = (
					"$(inherited)",
					"@executable_path/Frameworks",
				);
				PRODUCT_BUNDLE_IDENTIFIER = com.gigakorea.kfme;
				PRODUCT_NAME = "$(TARGET_NAME)";
				SWIFT_VERSION = 4.0;
				TARGETED_DEVICE_FAMILY = "1,2";
			};
			name = Release;
		};
		D54D3CCA21426B88001F6FD6 /* Debug */ = {
			isa = XCBuildConfiguration;
			baseConfigurationReference = 14742BA08C34B5E81BCFFA52 /* Pods-GigaCmtTests.debug.xcconfig */;
			buildSettings = {
				ALWAYS_EMBED_SWIFT_STANDARD_LIBRARIES = YES;
				BUNDLE_LOADER = "$(TEST_HOST)";
				CODE_SIGN_STYLE = Automatic;
				DEVELOPMENT_TEAM = RY4WY3W6MH;
				INFOPLIST_FILE = GigaCmtTests/Info.plist;
				LD_RUNPATH_SEARCH_PATHS = (
					"$(inherited)",
					"@executable_path/Frameworks",
					"@loader_path/Frameworks",
				);
				PRODUCT_BUNDLE_IDENTIFIER = kr.co.gigait.GigaCmtTests;
				PRODUCT_NAME = "$(TARGET_NAME)";
				SWIFT_VERSION = 4.0;
				TARGETED_DEVICE_FAMILY = "1,2";
				TEST_HOST = "$(BUILT_PRODUCTS_DIR)/GigaCmt.app/GigaCmt";
			};
			name = Debug;
		};
		D54D3CCB21426B88001F6FD6 /* Release */ = {
			isa = XCBuildConfiguration;
			baseConfigurationReference = 4BB3810CF9C596B034F3F890 /* Pods-GigaCmtTests.release.xcconfig */;
			buildSettings = {
				ALWAYS_EMBED_SWIFT_STANDARD_LIBRARIES = YES;
				BUNDLE_LOADER = "$(TEST_HOST)";
				CODE_SIGN_STYLE = Automatic;
				DEVELOPMENT_TEAM = RY4WY3W6MH;
				INFOPLIST_FILE = GigaCmtTests/Info.plist;
				LD_RUNPATH_SEARCH_PATHS = (
					"$(inherited)",
					"@executable_path/Frameworks",
					"@loader_path/Frameworks",
				);
				PRODUCT_BUNDLE_IDENTIFIER = kr.co.gigait.GigaCmtTests;
				PRODUCT_NAME = "$(TARGET_NAME)";
				SWIFT_VERSION = 4.0;
				TARGETED_DEVICE_FAMILY = "1,2";
				TEST_HOST = "$(BUILT_PRODUCTS_DIR)/GigaCmt.app/GigaCmt";
			};
			name = Release;
		};
		D54D3CCD21426B88001F6FD6 /* Debug */ = {
			isa = XCBuildConfiguration;
			baseConfigurationReference = 2E10218EB6660CCA184AB35A /* Pods-GigaCmtUITests.debug.xcconfig */;
			buildSettings = {
				ALWAYS_EMBED_SWIFT_STANDARD_LIBRARIES = YES;
				CODE_SIGN_STYLE = Automatic;
				DEVELOPMENT_TEAM = RY4WY3W6MH;
				INFOPLIST_FILE = GigaCmtUITests/Info.plist;
				LD_RUNPATH_SEARCH_PATHS = (
					"$(inherited)",
					"@executable_path/Frameworks",
					"@loader_path/Frameworks",
				);
				PRODUCT_BUNDLE_IDENTIFIER = kr.co.gigait.GigaCmtUITests;
				PRODUCT_NAME = "$(TARGET_NAME)";
				SWIFT_VERSION = 4.0;
				TARGETED_DEVICE_FAMILY = "1,2";
				TEST_TARGET_NAME = GigaCmt;
			};
			name = Debug;
		};
		D54D3CCE21426B88001F6FD6 /* Release */ = {
			isa = XCBuildConfiguration;
			baseConfigurationReference = BC20755469AC480AE2AFD261 /* Pods-GigaCmtUITests.release.xcconfig */;
			buildSettings = {
				ALWAYS_EMBED_SWIFT_STANDARD_LIBRARIES = YES;
				CODE_SIGN_STYLE = Automatic;
				DEVELOPMENT_TEAM = RY4WY3W6MH;
				INFOPLIST_FILE = GigaCmtUITests/Info.plist;
				LD_RUNPATH_SEARCH_PATHS = (
					"$(inherited)",
					"@executable_path/Frameworks",
					"@loader_path/Frameworks",
				);
				PRODUCT_BUNDLE_IDENTIFIER = kr.co.gigait.GigaCmtUITests;
				PRODUCT_NAME = "$(TARGET_NAME)";
				SWIFT_VERSION = 4.0;
				TARGETED_DEVICE_FAMILY = "1,2";
				TEST_TARGET_NAME = GigaCmt;
			};
			name = Release;
		};
/* End XCBuildConfiguration section */

/* Begin XCConfigurationList section */
		D54D3C9921426B86001F6FD6 /* Build configuration list for PBXProject "GigaCmt" */ = {
			isa = XCConfigurationList;
			buildConfigurations = (
				D54D3CC421426B88001F6FD6 /* Debug */,
				D54D3CC521426B88001F6FD6 /* Release */,
			);
			defaultConfigurationIsVisible = 0;
			defaultConfigurationName = Release;
		};
		D54D3CC621426B88001F6FD6 /* Build configuration list for PBXNativeTarget "GigaCmt" */ = {
			isa = XCConfigurationList;
			buildConfigurations = (
				D54D3CC721426B88001F6FD6 /* Debug */,
				D54D3CC821426B88001F6FD6 /* Release */,
			);
			defaultConfigurationIsVisible = 0;
			defaultConfigurationName = Release;
		};
		D54D3CC921426B88001F6FD6 /* Build configuration list for PBXNativeTarget "GigaCmtTests" */ = {
			isa = XCConfigurationList;
			buildConfigurations = (
				D54D3CCA21426B88001F6FD6 /* Debug */,
				D54D3CCB21426B88001F6FD6 /* Release */,
			);
			defaultConfigurationIsVisible = 0;
			defaultConfigurationName = Release;
		};
		D54D3CCC21426B88001F6FD6 /* Build configuration list for PBXNativeTarget "GigaCmtUITests" */ = {
			isa = XCConfigurationList;
			buildConfigurations = (
				D54D3CCD21426B88001F6FD6 /* Debug */,
				D54D3CCE21426B88001F6FD6 /* Release */,
			);
			defaultConfigurationIsVisible = 0;
			defaultConfigurationName = Release;
		};
/* End XCConfigurationList section */
	};
	rootObject = D54D3C9621426B86001F6FD6 /* Project object */;
}
